<?xml version="1.0" encoding="utf-8"?>
<Project ToolsVersion="17.0" xmlns="http://schemas.microsoft.com/developer/msbuild/2003">
  <ItemGroup>
    <CustomBuild Include="E:\just write some code\OOP\MovieTicketBookingSystem\source\build_debug\CMakeFiles\95dabec724b96e13a28bc67f3c723557\generate.stamp.rule">
      <Filter>CMake Rules</Filter>
    </CustomBuild>
  </ItemGroup>
  <ItemGroup>
    <Filter Include="CMake Rules">
      <UniqueIdentifier>{4CE518D0-0E6D-390F-86B7-1159A7BA6E31}</UniqueIdentifier>
    </Filter>
  </ItemGroup>
</Project>
